{
  "version": "3",
  "packages": {
    "specifiers": {
      "npm:@faker-js/faker": "npm:@faker-js/faker@8.3.1",
      "npm:@fakerjs/faker": "npm:@fakerjs/faker@3.0.0",
      "npm:faker": "npm:faker@6.6.6"
    },
    "npm": {
      "@faker-js/faker@8.3.1": {
        "integrity": "sha512-FdgpFxY6V6rLZE9mmIBb9hM0xpfvQOSNOLnzolzKwsE1DH+gC7lEKV1p1IbR0lAYyvYd5a4u3qWJzowUkw1bIw==",
        "dependencies": {}
      },
      "@fakerjs/age@2.1.1": {
        "integrity": "sha512-9MQcaL86EbO43d3EjoSPJ4+Yu37zEex0hH+u33zNjm7dIIrr3mEzeFBUvAow9I0sR4oK7QbM1j2Sju+PvJGpDA==",
        "dependencies": {}
      },
      "@fakerjs/animal@2.2.0": {
        "integrity": "sha512-EEFtmbcodyuGd2Sw5bfG513kPtEc1EU7+q14rtoJXQ6oJx1W4trRMDilQeNGeVxwHl90K9m5uTETLxxA1Xinhg==",
        "dependencies": {
          "load-json-file": "load-json-file@7.0.1"
        }
      },
      "@fakerjs/blood@1.0.0": {
        "integrity": "sha512-VP790P5exHez0Yb3UcZ/rraW4bnPe818cZKHI9fe7taCCkFyloWLYS8Zy5+LUtSLK0mQZaJ3MzcF4LZhiBTXzQ==",
        "dependencies": {}
      },
      "@fakerjs/boolean@2.1.1": {
        "integrity": "sha512-OJWuAFs3QEZangHn8tvckr2E+sevjOVwzAfsuWDwDL+ymPNCMjvISvBDW6d7k3I3wgZhjaBLngdZfEl+bhisTQ==",
        "dependencies": {}
      },
      "@fakerjs/browser@1.1.1": {
        "integrity": "sha512-d/nzWRlRGox7pen+3JrU9D3hhXQ6s20RJ0I5i2Q1UiKaLNyq8hW+26Ulr2YXPA9baLqFsrSkMnEoUODTF7jdrQ==",
        "dependencies": {
          "load-json-file": "load-json-file@7.0.1"
        }
      },
      "@fakerjs/domain@1.1.0": {
        "integrity": "sha512-odr4j98GIpyuPYrP8nV8Q7tcSB9VYu3a0Q9Kgx112oTauS7L3TsDbmi8+x2prT6fjHAfZ/eZ5zpDEtjsPVAJsg==",
        "dependencies": {
          "@fakerjs/tld": "@fakerjs/tld@1.1.0",
          "@fakerjs/word": "@fakerjs/word@1.0.1"
        }
      },
      "@fakerjs/email@1.0.0": {
        "integrity": "sha512-metzbdFNwkZsR5Se7OIPkpMGbkTHdCejB0Tg/Q+M0hYyQnYMyaVdZf53/hb7TMKbNM8HewTERQFPDePiABEKQg==",
        "dependencies": {
          "@fakerjs/domain": "@fakerjs/domain@1.1.0",
          "@fakerjs/word": "@fakerjs/word@1.0.1"
        }
      },
      "@fakerjs/faker@3.0.0": {
        "integrity": "sha512-sN4LBgZQGEsZw+bzmXf9VwzpfJ1B/ZhqU19NSHku8ywih2g+Kq7uBa7nlmYUUmSlYe6p5cx5eRusswrfm+6Wbw==",
        "dependencies": {
          "@fakerjs/age": "@fakerjs/age@2.1.1",
          "@fakerjs/animal": "@fakerjs/animal@2.2.0",
          "@fakerjs/blood": "@fakerjs/blood@1.0.0",
          "@fakerjs/boolean": "@fakerjs/boolean@2.1.1",
          "@fakerjs/browser": "@fakerjs/browser@1.1.1",
          "@fakerjs/domain": "@fakerjs/domain@1.1.0",
          "@fakerjs/email": "@fakerjs/email@1.0.0",
          "@fakerjs/firstname": "@fakerjs/firstname@1.0.1",
          "@fakerjs/float": "@fakerjs/float@2.1.1",
          "@fakerjs/game": "@fakerjs/game@1.0.1",
          "@fakerjs/gender": "@fakerjs/gender@2.3.1",
          "@fakerjs/house": "@fakerjs/house@1.0.2",
          "@fakerjs/integer": "@fakerjs/integer@2.1.1",
          "@fakerjs/ip": "@fakerjs/ip@2.1.1",
          "@fakerjs/lastname": "@fakerjs/lastname@1.0.1",
          "@fakerjs/letter": "@fakerjs/letter@2.2.2",
          "@fakerjs/paragraph": "@fakerjs/paragraph@1.0.0",
          "@fakerjs/profession": "@fakerjs/profession@2.2.0",
          "@fakerjs/sentence": "@fakerjs/sentence@1.0.0",
          "@fakerjs/sport": "@fakerjs/sport@1.0.0",
          "@fakerjs/string": "@fakerjs/string@2.1.1",
          "@fakerjs/superhero": "@fakerjs/superhero@1.2.0",
          "@fakerjs/tld": "@fakerjs/tld@1.1.0",
          "@fakerjs/url": "@fakerjs/url@1.0.0",
          "@fakerjs/word": "@fakerjs/word@1.0.1"
        }
      },
      "@fakerjs/firstname@1.0.1": {
        "integrity": "sha512-Z+Ss9jUOm1SJulf/P0jxdE1OosBxbUkN18wDdPdNUl/bdpEsxbya1jsFvQk8vjP8fHwOe5RnEiVwRr03Kp5CPg==",
        "dependencies": {
          "load-json-file": "load-json-file@7.0.1"
        }
      },
      "@fakerjs/float@2.1.1": {
        "integrity": "sha512-VUX+xCzS0PW2OLtgqVxnU4qqZ3tvzyOFLKRmZlptCAmpTg3jKUbqdt8agHPL8KUjQaXr4UxHdegYNg2R2z2hAw==",
        "dependencies": {}
      },
      "@fakerjs/game@1.0.1": {
        "integrity": "sha512-w+Htk1jqUrb0GKyjjqLhUCzbu9OtGcpSujlsb3Baj3S5v39ikv3nR2iFL/Bhgs9nrql0ynlYYN/V2oifURAQfw==",
        "dependencies": {
          "load-json-file": "load-json-file@7.0.1"
        }
      },
      "@fakerjs/gender@2.3.1": {
        "integrity": "sha512-qerBcx9mTPLZFnmJJBnEYlc0BkCdaUfVWWGsLKC7U0Vloai9reS4ArZTFz+Cm0eHNVX1b9RdBIPh9aHIeR2LcQ==",
        "dependencies": {
          "load-json-file": "load-json-file@7.0.1"
        }
      },
      "@fakerjs/house@1.0.2": {
        "integrity": "sha512-DsgcRinbadBQKcXRHQX9lU8xMAdK2nPT/EZwTMA1y56a52XworVOaCecdkGcubzLxdAuMBPLeOMvJxXLswWL/w==",
        "dependencies": {
          "load-json-file": "load-json-file@7.0.1"
        }
      },
      "@fakerjs/integer@2.1.1": {
        "integrity": "sha512-yAqbw7SpN1p6XX5JsgIN6xrpGG6Qdl14/9x5RMUG5TL+/LVySg2TberY0rWRyYsRVpOMOJ8hhMaaBAARtxdMwA==",
        "dependencies": {}
      },
      "@fakerjs/ip@2.1.1": {
        "integrity": "sha512-oY8+k4c04YF4eLU8brNVUAr5jvmXuzKKCn+qCseDQMK8abDarAJ/c0ig1XpZRBfywUjKxQNGZrfAEvfYiFFdeQ==",
        "dependencies": {}
      },
      "@fakerjs/lastname@1.0.1": {
        "integrity": "sha512-7BJp9D5F4ESBf7MHN4Z8I96Ie78n9qftAwL0591xkHCoIpVpGVq/56ggCaowcxGGvxNYJ3t2OF4P7VLNQtNoDA==",
        "dependencies": {
          "load-json-file": "load-json-file@7.0.1"
        }
      },
      "@fakerjs/letter@2.2.2": {
        "integrity": "sha512-JuIqMpefN4JYzinI8Cm+K477xogilhOdLIDtOZ8EwgMSQCcvkB+mBYarNRwwC3FIFjtXGVvMNBe398cB4IEvjg==",
        "dependencies": {
          "load-json-file": "load-json-file@7.0.1"
        }
      },
      "@fakerjs/paragraph@1.0.0": {
        "integrity": "sha512-usbAIhWVtSf2eHbY5YEXRnEj4otLLKLvOwAoCQ+cxtMd3FGYLxBLNGVwjDXoSl8FOdTbA57Yt1tsu+v21xsoUw==",
        "dependencies": {
          "@fakerjs/sentence": "@fakerjs/sentence@1.0.0"
        }
      },
      "@fakerjs/profession@2.2.0": {
        "integrity": "sha512-yktaNnN8nmr+5wn8m6hE/bhaiYtbBQ5CqttIws+q7SwBx4Ip5/uEttP9UBTZCfACu07gB0RYvb7xDxtFT+dFkw==",
        "dependencies": {
          "load-json-file": "load-json-file@7.0.1"
        }
      },
      "@fakerjs/sentence@1.0.0": {
        "integrity": "sha512-DRpKfj/dbdMYtW5+k0/wB6oqd0tnOzLCVyKFM50hVF43gXShj4arg23ql2CXxNakagi3yNzBk9W5Am6Y12H6CA==",
        "dependencies": {
          "@fakerjs/word": "@fakerjs/word@1.0.1"
        }
      },
      "@fakerjs/sport@1.0.0": {
        "integrity": "sha512-ShkZ6QSzwQP+NRKwkaL3MUG63NTcjzk5ppen3DoOV0GGwDnOTS2OFN5AvtmqjgJD4bAhekPYkHSGN/Pbgk3dSw==",
        "dependencies": {
          "load-json-file": "load-json-file@7.0.1"
        }
      },
      "@fakerjs/string@2.1.1": {
        "integrity": "sha512-6EfjvoRh+b91MjP/ciOmLJmwtEAvjAqATgaZM1khwEO0azRtnmdXHuxTVl1o+Uvq4kP2zjXvuXqkIZdprNyPyg==",
        "dependencies": {}
      },
      "@fakerjs/superhero@1.2.0": {
        "integrity": "sha512-xxKscBJSvSX90Krq2bk2O2V438byQL2hdxzRAGkJ50G/gUUap2NOvOERlunlJ8GadQrlnvEeU4UEk6/Gm3FSwQ==",
        "dependencies": {
          "load-json-file": "load-json-file@7.0.1"
        }
      },
      "@fakerjs/tld@1.1.0": {
        "integrity": "sha512-qsJUB6wm3+KpT+ZKhlRDB7GKh89Nt702ezEnbREtn+nSME6P4aJLygd3GnRtriVYmjokz8RSW/pABS+ft8BeZw==",
        "dependencies": {
          "load-json-file": "load-json-file@7.0.1"
        }
      },
      "@fakerjs/url@1.0.0": {
        "integrity": "sha512-Enf9RMHRnRYcFA3dciYVBwHXpJFvMRmyoQVp2vjvyAhkNZ5rl8L5XaGOP3/c8//vry/MuhA+eIqtrs7U4ElLjQ==",
        "dependencies": {
          "@fakerjs/domain": "@fakerjs/domain@1.1.0"
        }
      },
      "@fakerjs/word@1.0.1": {
        "integrity": "sha512-ilyTmSakl4K/osCEE5kUdyAFXxZnmh3WLXlQHKU4ytbkHLHh67f+h25JVrrD+N3Dv7D/7gQlfj/YBH+QuERJlw==",
        "dependencies": {}
      },
      "faker@6.6.6": {
        "integrity": "sha512-9tCqYEDHI5RYFQigXFwF1hnCwcWCOJl/hmll0lr5D2Ljjb0o4wphb69wikeJDz5qCEzXCoPvG6ss5SDP6IfOdg==",
        "dependencies": {}
      },
      "load-json-file@7.0.1": {
        "integrity": "sha512-Gnxj3ev3mB5TkVBGad0JM6dmLiQL+o0t23JPBZ9sd+yvSLk05mFoqKBw5N8gbbkU4TNXyqCgIrl/VM17OgUIgQ==",
        "dependencies": {}
      }
    }
  },
  "remote": {
    "https://cdn.skypack.dev/-/@faker-js/faker@v8.3.1-KmeBI49q3ZSjzTA6zzqo/dist=es2019,mode=imports/optimized/@faker-js/faker.js": "7a5cfc11521cfa5cf07f9ee56fd5f528542b0680007663c647a36107976eff1d",
    "https://cdn.skypack.dev/-/@faker-js/faker@v8.3.1-KmeBI49q3ZSjzTA6zzqo/dist=es2019,mode=imports/optimized/common/chunk-2FKWA5FP-904f2f82.js": "a6faef93dc74636cb94681be0c86e4886ee2d7251f237a548749e354e7eecf6e",
    "https://cdn.skypack.dev/-/@faker-js/faker@v8.3.1-KmeBI49q3ZSjzTA6zzqo/dist=es2019,mode=imports/optimized/common/chunk-33BBRIZX-0bede9ce.js": "4532cc9edbe03d37062a8a27df1589ffabd55f1eaee1d04a4af646c1d535f1fb",
    "https://cdn.skypack.dev/-/@faker-js/faker@v8.3.1-KmeBI49q3ZSjzTA6zzqo/dist=es2019,mode=imports/optimized/common/chunk-42EHXLV2-f1fce7e4.js": "b22bd09b12cc255fb92def81d9bd3ad97aa8352df2c7f4d4090243eab9dc1db7",
    "https://cdn.skypack.dev/-/@faker-js/faker@v8.3.1-KmeBI49q3ZSjzTA6zzqo/dist=es2019,mode=imports/optimized/common/chunk-45LLD3TE-70354e22.js": "299e319c75133ffecd310b4753140b063b7e7836926e416e9fa9cdb835799289",
    "https://cdn.skypack.dev/-/@faker-js/faker@v8.3.1-KmeBI49q3ZSjzTA6zzqo/dist=es2019,mode=imports/optimized/common/chunk-4M2M7JVR-a8b02321.js": "6fdd1025eeb392ec9929ba616a1dbeb02facbfd2a51406810833b11fe5dc0839",
    "https://cdn.skypack.dev/-/@faker-js/faker@v8.3.1-KmeBI49q3ZSjzTA6zzqo/dist=es2019,mode=imports/optimized/common/chunk-4Z4TY6SU-40f07faf.js": "cd897fc971ecbbbc3c646f5361346fe6a2aa1d4c5ccfbc827317cee2a0bd716f",
    "https://cdn.skypack.dev/-/@faker-js/faker@v8.3.1-KmeBI49q3ZSjzTA6zzqo/dist=es2019,mode=imports/optimized/common/chunk-5LTMIXMU-6163950d.js": "be362e7146cd3e83909a3df64064c05e5014acae1d19c172b894ac8b3f443946",
    "https://cdn.skypack.dev/-/@faker-js/faker@v8.3.1-KmeBI49q3ZSjzTA6zzqo/dist=es2019,mode=imports/optimized/common/chunk-5R5AEDBT-497eb15d.js": "2673eb6aca1646b79fc40ff4bca6fa8b07a6a53737170d27213fb07c9356f72b",
    "https://cdn.skypack.dev/-/@faker-js/faker@v8.3.1-KmeBI49q3ZSjzTA6zzqo/dist=es2019,mode=imports/optimized/common/chunk-5XITJFQH-70358547.js": "8e2b8c23fd4dfd54e9c1e9fb3e17ddcf6f6eefa798e53fccbf7918a026e715e0",
    "https://cdn.skypack.dev/-/@faker-js/faker@v8.3.1-KmeBI49q3ZSjzTA6zzqo/dist=es2019,mode=imports/optimized/common/chunk-6CIWVSIX-9e0ec63e.js": "abeb5f29de25d4038ed49f51bf750dbaa9c2ada426393036d914daa36757f207",
    "https://cdn.skypack.dev/-/@faker-js/faker@v8.3.1-KmeBI49q3ZSjzTA6zzqo/dist=es2019,mode=imports/optimized/common/chunk-75Z76TVQ-08529f1a.js": "7d718aad5dea2023aae30990492a9b68f32a5b6b0ba7b4115cdb39ccb0e12c96",
    "https://cdn.skypack.dev/-/@faker-js/faker@v8.3.1-KmeBI49q3ZSjzTA6zzqo/dist=es2019,mode=imports/optimized/common/chunk-7PF4WSNJ-e339bd01.js": "07b18aaace4505d3db187c368f2c0c19bcc0ef7652faa94321023cc5715fe7b8",
    "https://cdn.skypack.dev/-/@faker-js/faker@v8.3.1-KmeBI49q3ZSjzTA6zzqo/dist=es2019,mode=imports/optimized/common/chunk-A33CPV2N-d9c24894.js": "4aee94881836a146d75860a84ecc0a0325d9241a32efbb1558ee31918aa776a8",
    "https://cdn.skypack.dev/-/@faker-js/faker@v8.3.1-KmeBI49q3ZSjzTA6zzqo/dist=es2019,mode=imports/optimized/common/chunk-AY6RXH2S-b6d54ae8.js": "50ac35f8b067b66deb673aeddca35dd090163dd1e88a1dc556ef2cb46586900e",
    "https://cdn.skypack.dev/-/@faker-js/faker@v8.3.1-KmeBI49q3ZSjzTA6zzqo/dist=es2019,mode=imports/optimized/common/chunk-BHCZBY5I-e001a0d9.js": "5bda3df0ae725ad9a1878def98b4747c844d83400451ac8f43fbe1418f3e8556",
    "https://cdn.skypack.dev/-/@faker-js/faker@v8.3.1-KmeBI49q3ZSjzTA6zzqo/dist=es2019,mode=imports/optimized/common/chunk-CIMFR2UT-18521efd.js": "3c65b9aa6e36e864606dc37989cb17dd7d6a7ce9355482c1a36b462020258392",
    "https://cdn.skypack.dev/-/@faker-js/faker@v8.3.1-KmeBI49q3ZSjzTA6zzqo/dist=es2019,mode=imports/optimized/common/chunk-CLDZZU3E-ff15f96c.js": "cd5f77fef76ab293a93b11a40af5300ac0b2b4bc17cddc403424ea926c1b0745",
    "https://cdn.skypack.dev/-/@faker-js/faker@v8.3.1-KmeBI49q3ZSjzTA6zzqo/dist=es2019,mode=imports/optimized/common/chunk-CQWOA7VP-e40669f3.js": "f9b67317d47e50c35692331bbb4c66dbbb060333732674c074aa390143a00374",
    "https://cdn.skypack.dev/-/@faker-js/faker@v8.3.1-KmeBI49q3ZSjzTA6zzqo/dist=es2019,mode=imports/optimized/common/chunk-CTNGPFUL-ca28c671.js": "e6fb8095c568cf95c35dad33b4fde07e309283115a314bd1e764529c6294f0f2",
    "https://cdn.skypack.dev/-/@faker-js/faker@v8.3.1-KmeBI49q3ZSjzTA6zzqo/dist=es2019,mode=imports/optimized/common/chunk-DLLU2W42-cb2549ba.js": "197b97ae06796b232bf2ddace883f679685db88075494b29fa60d5cbd1d65161",
    "https://cdn.skypack.dev/-/@faker-js/faker@v8.3.1-KmeBI49q3ZSjzTA6zzqo/dist=es2019,mode=imports/optimized/common/chunk-E22NGLL6-037c318b.js": "93a26564875c4dd45ff6ee0113f9b6f4197296abfe681ea34d5f433a85d268e5",
    "https://cdn.skypack.dev/-/@faker-js/faker@v8.3.1-KmeBI49q3ZSjzTA6zzqo/dist=es2019,mode=imports/optimized/common/chunk-EGJ2TIBF-e13349b9.js": "7aee797c19e593ab5bbe2e06976a589f3ee2c9ddfe86b18fa6d4ab21043a074c",
    "https://cdn.skypack.dev/-/@faker-js/faker@v8.3.1-KmeBI49q3ZSjzTA6zzqo/dist=es2019,mode=imports/optimized/common/chunk-EMKL6VZL-45cbe9d9.js": "27f5e673dbf7c46848825fb88c289de1dcd5027da4e28ba056f597ca748f6172",
    "https://cdn.skypack.dev/-/@faker-js/faker@v8.3.1-KmeBI49q3ZSjzTA6zzqo/dist=es2019,mode=imports/optimized/common/chunk-FCX3CVZQ-5b3b069d.js": "065f69750b90e247fdddcd27c9b34caf54cc9afd137a64605da3e2dd492a8679",
    "https://cdn.skypack.dev/-/@faker-js/faker@v8.3.1-KmeBI49q3ZSjzTA6zzqo/dist=es2019,mode=imports/optimized/common/chunk-FLBQMQLL-96078450.js": "c104786b66088a60be1d93041e18ec335040ee088d897e3fb6715538a52022f5",
    "https://cdn.skypack.dev/-/@faker-js/faker@v8.3.1-KmeBI49q3ZSjzTA6zzqo/dist=es2019,mode=imports/optimized/common/chunk-FTBAS6YM-40be2f5f.js": "e18d5937648ac88ad7926f96112eab89fcacefff3d6934dca746d26969d23c15",
    "https://cdn.skypack.dev/-/@faker-js/faker@v8.3.1-KmeBI49q3ZSjzTA6zzqo/dist=es2019,mode=imports/optimized/common/chunk-GD5FBBLN-d76e80ec.js": "63c486a0d52284c76f978a571a380ec7276363b85c2c3aa997ffcf587ba9c526",
    "https://cdn.skypack.dev/-/@faker-js/faker@v8.3.1-KmeBI49q3ZSjzTA6zzqo/dist=es2019,mode=imports/optimized/common/chunk-H7GG43NG-fc752519.js": "6134275d7f2b6d6e9d273ea04828535cba74d41a2b845969172defdef69c6dbb",
    "https://cdn.skypack.dev/-/@faker-js/faker@v8.3.1-KmeBI49q3ZSjzTA6zzqo/dist=es2019,mode=imports/optimized/common/chunk-HHIIHRIH-473fd982.js": "eb587108dff994ad0c82c2c896ad8abb28dab2d37dc58c35d0c8543953721923",
    "https://cdn.skypack.dev/-/@faker-js/faker@v8.3.1-KmeBI49q3ZSjzTA6zzqo/dist=es2019,mode=imports/optimized/common/chunk-IPIZSXY3-fcb6694a.js": "fc668184fa623b40616e94896e42e8fde5e9b84bbd3d1bd868f7a3fc66c9a6ec",
    "https://cdn.skypack.dev/-/@faker-js/faker@v8.3.1-KmeBI49q3ZSjzTA6zzqo/dist=es2019,mode=imports/optimized/common/chunk-ITPDPBVG-9ac208fd.js": "d99a97c799f3b708c602680e2803aa95763a02a9f1995119cd23152ce5bd8824",
    "https://cdn.skypack.dev/-/@faker-js/faker@v8.3.1-KmeBI49q3ZSjzTA6zzqo/dist=es2019,mode=imports/optimized/common/chunk-IWQ6UOOV-c05fe3e3.js": "b67709048c642bad96ced12670688eac8958f820f9d667b52de569bab34ea41b",
    "https://cdn.skypack.dev/-/@faker-js/faker@v8.3.1-KmeBI49q3ZSjzTA6zzqo/dist=es2019,mode=imports/optimized/common/chunk-JEO7UEL3-15232ac2.js": "4aa132d53cd2f5c82d01e9653f0ec38fc452e3c9bdfbef110ccc6ceb35c27f16",
    "https://cdn.skypack.dev/-/@faker-js/faker@v8.3.1-KmeBI49q3ZSjzTA6zzqo/dist=es2019,mode=imports/optimized/common/chunk-JFGC2MTN-1d04f2af.js": "abb823a58f09169b851c5902c2c0c182b150c2824415cebe9e52571482fe2f7d",
    "https://cdn.skypack.dev/-/@faker-js/faker@v8.3.1-KmeBI49q3ZSjzTA6zzqo/dist=es2019,mode=imports/optimized/common/chunk-KS66TAD2-25604390.js": "5b7ea7a33b6a5bafef138dc5200db036599a820e12504a56d5e3fb5f4f84b317",
    "https://cdn.skypack.dev/-/@faker-js/faker@v8.3.1-KmeBI49q3ZSjzTA6zzqo/dist=es2019,mode=imports/optimized/common/chunk-KWJHX3KF-f6212fbf.js": "142bb4bba21b6b6e9262a44f98b3761efaacfff4d82cd975ea259d98544e0aa5",
    "https://cdn.skypack.dev/-/@faker-js/faker@v8.3.1-KmeBI49q3ZSjzTA6zzqo/dist=es2019,mode=imports/optimized/common/chunk-LLTDLFNL-1b7cab86.js": "a63fec6405c21585e34a2604f2abeb1e972e7d78d865ac8cb382129e2943253c",
    "https://cdn.skypack.dev/-/@faker-js/faker@v8.3.1-KmeBI49q3ZSjzTA6zzqo/dist=es2019,mode=imports/optimized/common/chunk-LSZKOVGW-817882fb.js": "99e54fbd5e55b52cb545493214eae6b47b9eecbd0cacc209d789c54212fd2ae6",
    "https://cdn.skypack.dev/-/@faker-js/faker@v8.3.1-KmeBI49q3ZSjzTA6zzqo/dist=es2019,mode=imports/optimized/common/chunk-MB4XIAOG-259d3dc8.js": "7e41c55385dd10957faef5d925fc5ce06050f28997e7db79060da12630dd93fc",
    "https://cdn.skypack.dev/-/@faker-js/faker@v8.3.1-KmeBI49q3ZSjzTA6zzqo/dist=es2019,mode=imports/optimized/common/chunk-MM7MLV55-a53d34e5.js": "912faa70292ddf97682fccb8ffe3075ce21efeb1f0b11b68b21d763fee827524",
    "https://cdn.skypack.dev/-/@faker-js/faker@v8.3.1-KmeBI49q3ZSjzTA6zzqo/dist=es2019,mode=imports/optimized/common/chunk-NMHG72AY-454d71a9.js": "bf111180bcda348a8791bd35f09933e9e6b324c6548a5d566443f28f6016ba62",
    "https://cdn.skypack.dev/-/@faker-js/faker@v8.3.1-KmeBI49q3ZSjzTA6zzqo/dist=es2019,mode=imports/optimized/common/chunk-O3ZZDYJU-631d35f4.js": "229a60818067572a5c9d1240d2b111e7752f9e74d4a0c7cbfd46d334691ad106",
    "https://cdn.skypack.dev/-/@faker-js/faker@v8.3.1-KmeBI49q3ZSjzTA6zzqo/dist=es2019,mode=imports/optimized/common/chunk-O4MCULMJ-1e71809b.js": "88f1dbc57ecd818cda4970c6ba9065d1f9c49d66a08062eeefc38b566d218d0f",
    "https://cdn.skypack.dev/-/@faker-js/faker@v8.3.1-KmeBI49q3ZSjzTA6zzqo/dist=es2019,mode=imports/optimized/common/chunk-O6UJ3NCR-d2d258ec.js": "7cfc6cde078a0dcafbb77b9c92df109be8ed26f434a50391862d8885feb4264f",
    "https://cdn.skypack.dev/-/@faker-js/faker@v8.3.1-KmeBI49q3ZSjzTA6zzqo/dist=es2019,mode=imports/optimized/common/chunk-OLJKCYNF-fbfb5c5c.js": "03637bf9a0157a0a8f6a492906b180b1b8b9a58f065a3a710bd2d98e41177a7c",
    "https://cdn.skypack.dev/-/@faker-js/faker@v8.3.1-KmeBI49q3ZSjzTA6zzqo/dist=es2019,mode=imports/optimized/common/chunk-PHP3N43R-323e61e1.js": "5cc3e496d668a6ae0946c83bdd3d5b1507f4a96bbc20ec403691d4f4033a76f4",
    "https://cdn.skypack.dev/-/@faker-js/faker@v8.3.1-KmeBI49q3ZSjzTA6zzqo/dist=es2019,mode=imports/optimized/common/chunk-PKRGTDWK-ad5e0b01.js": "d12d76dea8458fa8c31510fbb9b86ecdfba9c06a7850943d4d3eb7dfd30e4664",
    "https://cdn.skypack.dev/-/@faker-js/faker@v8.3.1-KmeBI49q3ZSjzTA6zzqo/dist=es2019,mode=imports/optimized/common/chunk-PT3PAWGI-39a69a46.js": "ade5722ff97d108daeeb9a2008174f977b4cf391522ed04a0e62f7ac5b4987ba",
    "https://cdn.skypack.dev/-/@faker-js/faker@v8.3.1-KmeBI49q3ZSjzTA6zzqo/dist=es2019,mode=imports/optimized/common/chunk-PURA3JYP-f06999a7.js": "48ca36ea06b29e21407513bc7a8ca1ea3f22807ffc055d45544a8a7ea38490f2",
    "https://cdn.skypack.dev/-/@faker-js/faker@v8.3.1-KmeBI49q3ZSjzTA6zzqo/dist=es2019,mode=imports/optimized/common/chunk-R2HFKJJ6-913bf026.js": "109735c6d3ac609a898a38b7fdb51bc27756a661f57f6ff9cbf03596da87c5c9",
    "https://cdn.skypack.dev/-/@faker-js/faker@v8.3.1-KmeBI49q3ZSjzTA6zzqo/dist=es2019,mode=imports/optimized/common/chunk-R3KZW47U-c62dc1e9.js": "376c05a37aea40cf92c297a5a53fe203cab651a7b52a365f4f20924182f6fbda",
    "https://cdn.skypack.dev/-/@faker-js/faker@v8.3.1-KmeBI49q3ZSjzTA6zzqo/dist=es2019,mode=imports/optimized/common/chunk-RAE6KWM5-dc9862ee.js": "d2bc1aaf2db96b259909c2ebc7f5a950fdfce293b23c3f35c676d37dd64ed8f2",
    "https://cdn.skypack.dev/-/@faker-js/faker@v8.3.1-KmeBI49q3ZSjzTA6zzqo/dist=es2019,mode=imports/optimized/common/chunk-RMNAI3YJ-c6b67d04.js": "d1ea6764c998e76ea2e58e0b36673ce5904b94b8c6a7db7e378cd9c41cdd8db0",
    "https://cdn.skypack.dev/-/@faker-js/faker@v8.3.1-KmeBI49q3ZSjzTA6zzqo/dist=es2019,mode=imports/optimized/common/chunk-RP34WTAI-dbad5ca8.js": "fe682415b6009175a3ed18d37e297c835943bc70a900aea409aa10cb4df5b409",
    "https://cdn.skypack.dev/-/@faker-js/faker@v8.3.1-KmeBI49q3ZSjzTA6zzqo/dist=es2019,mode=imports/optimized/common/chunk-RYVOWKAR-f0ec74cb.js": "4e3156a08d9e7425c62e97f9eeafce46ad143b94a4645b1e0ee471e911b0102a",
    "https://cdn.skypack.dev/-/@faker-js/faker@v8.3.1-KmeBI49q3ZSjzTA6zzqo/dist=es2019,mode=imports/optimized/common/chunk-SGUETU3K-fcdcaa1e.js": "0149bea838f94d6944a47b6becbaff6aa9f47e7d0f936277390d5d1d9c122862",
    "https://cdn.skypack.dev/-/@faker-js/faker@v8.3.1-KmeBI49q3ZSjzTA6zzqo/dist=es2019,mode=imports/optimized/common/chunk-T2ABWB7V-59c08f4f.js": "c6725d5755cb08aae9c7fa94594084c6332d190305b7cfebc105329858be9a5c",
    "https://cdn.skypack.dev/-/@faker-js/faker@v8.3.1-KmeBI49q3ZSjzTA6zzqo/dist=es2019,mode=imports/optimized/common/chunk-TBIAOV63-c2d5714a.js": "7cd4fc44d7da89d22f0ba0b26c0437c47b8890542cf754a62289dfe89e1a8259",
    "https://cdn.skypack.dev/-/@faker-js/faker@v8.3.1-KmeBI49q3ZSjzTA6zzqo/dist=es2019,mode=imports/optimized/common/chunk-TYHH7UAQ-07d4bd49.js": "6b143406619c862818f4ecc65d3fb61d1e32cc9b90044bcb32f048d758d703a4",
    "https://cdn.skypack.dev/-/@faker-js/faker@v8.3.1-KmeBI49q3ZSjzTA6zzqo/dist=es2019,mode=imports/optimized/common/chunk-UB3DTYIN-60d8a6eb.js": "900f0220ce8287723de8dccf01f8e2eaefa8796b442da7df19aa8519fe69d459",
    "https://cdn.skypack.dev/-/@faker-js/faker@v8.3.1-KmeBI49q3ZSjzTA6zzqo/dist=es2019,mode=imports/optimized/common/chunk-UGTDX6XE-9b00704a.js": "a794f9433f99c2749ed6f331888d7aa1a6b380cd1868833e1e97db1943ac4adc",
    "https://cdn.skypack.dev/-/@faker-js/faker@v8.3.1-KmeBI49q3ZSjzTA6zzqo/dist=es2019,mode=imports/optimized/common/chunk-UTVPCZBQ-5d61037a.js": "64232898a1df7433c636eaee13045071beacdd3c0db65f23b0afa2fadcc7db49",
    "https://cdn.skypack.dev/-/@faker-js/faker@v8.3.1-KmeBI49q3ZSjzTA6zzqo/dist=es2019,mode=imports/optimized/common/chunk-UXS32U27-cdc32fb4.js": "6b449eb4d0838f8af2bd51a1f89907f1703c2021a7b14af432e612842b37aaa8",
    "https://cdn.skypack.dev/-/@faker-js/faker@v8.3.1-KmeBI49q3ZSjzTA6zzqo/dist=es2019,mode=imports/optimized/common/chunk-VJ3CZKTO-1c7681a8.js": "0733963a755e887e53a89bac2261db7d695cd7674d0c22450ebe6643c3d28c69",
    "https://cdn.skypack.dev/-/@faker-js/faker@v8.3.1-KmeBI49q3ZSjzTA6zzqo/dist=es2019,mode=imports/optimized/common/chunk-VLB7YHLV-467ed1ae.js": "ba8bb3465e5e9f0a85b4ca267a28c9c8ca293126e72b0521bf92454083b6520d",
    "https://cdn.skypack.dev/-/@faker-js/faker@v8.3.1-KmeBI49q3ZSjzTA6zzqo/dist=es2019,mode=imports/optimized/common/chunk-VMNIDYRN-eccfcfa6.js": "1a6613ecba0e2407b196a9daa023bcee847d56e010afb0277f43358137c783d0",
    "https://cdn.skypack.dev/-/@faker-js/faker@v8.3.1-KmeBI49q3ZSjzTA6zzqo/dist=es2019,mode=imports/optimized/common/chunk-VP6EC4RB-73d2a66e.js": "3fe85499f58e4cec1945d449cd437219257bc054278f51c8c060e8684a30b0c9",
    "https://cdn.skypack.dev/-/@faker-js/faker@v8.3.1-KmeBI49q3ZSjzTA6zzqo/dist=es2019,mode=imports/optimized/common/chunk-VYIQIIR4-3c77acd2.js": "11708220929658ca9e04063c93d642b94271d28fbc0f06f493445622b3cefa86",
    "https://cdn.skypack.dev/-/@faker-js/faker@v8.3.1-KmeBI49q3ZSjzTA6zzqo/dist=es2019,mode=imports/optimized/common/chunk-WQZ2QPUZ-26e4b413.js": "06160a2f466d7215ceebaaa3e1913c94065487a51a2fe5ec54492d5bc1431c99",
    "https://cdn.skypack.dev/-/@faker-js/faker@v8.3.1-KmeBI49q3ZSjzTA6zzqo/dist=es2019,mode=imports/optimized/common/chunk-XBLFAUYX-08f2a6ca.js": "4387add9a6559f52759f5eccba10ca68a2633d689d521f4ae43cde48fea503b4",
    "https://cdn.skypack.dev/-/@faker-js/faker@v8.3.1-KmeBI49q3ZSjzTA6zzqo/dist=es2019,mode=imports/optimized/common/chunk-XKDZ2K64-8e1a4bf7.js": "15ca71edd43a710d01e977d953231ef3c388c33c2ad032816be5afce8d16466b",
    "https://cdn.skypack.dev/-/@faker-js/faker@v8.3.1-KmeBI49q3ZSjzTA6zzqo/dist=es2019,mode=imports/optimized/common/chunk-XXICYA7K-12a2a33b.js": "4a07c7e84b222442ebf57b57bdaf0ff1ab6380539ac6fe5823522c927f08044f",
    "https://cdn.skypack.dev/-/@faker-js/faker@v8.3.1-KmeBI49q3ZSjzTA6zzqo/dist=es2019,mode=imports/optimized/common/chunk-Y7BIVTV7-7ac09277.js": "19f170f63edc7d6f8787c1babf5b927ac2c89ac2d16fd87ed0e5f34c04c48d0a",
    "https://cdn.skypack.dev/-/@faker-js/faker@v8.3.1-KmeBI49q3ZSjzTA6zzqo/dist=es2019,mode=imports/optimized/common/chunk-YZBMMLHD-befd7024.js": "c21938d81842e5a76d65ad5ff8efdd5e2ffc889932a67179e338041835ad2fe8",
    "https://cdn.skypack.dev/-/@faker-js/faker@v8.3.1-KmeBI49q3ZSjzTA6zzqo/dist=es2019,mode=imports/optimized/common/chunk-Z5DSCMZ7-d0915678.js": "df946b31707d2f86d5ef0a722cceb9088866d9ce6e7df37d266462af5f62a4ec",
    "https://cdn.skypack.dev/-/@faker-js/faker@v8.3.1-KmeBI49q3ZSjzTA6zzqo/dist=es2019,mode=imports/optimized/common/chunk-ZG56DQ2B-9498fda7.js": "bcb78d58ce5cb81246956b362fb8cc0934075873d8c6685d48a4cc56cac4293f",
    "https://cdn.skypack.dev/@faker-js/faker": "9d8989ed3707bd301d2120b224bbecbe3ac1e5013d5781b4c9c8d1232060540a",
    "https://deno.land/std@0.208.0/assert/assert.ts": "9a97dad6d98c238938e7540736b826440ad8c1c1e54430ca4c4e623e585607ee",
    "https://deno.land/std@0.208.0/assert/assertion_error.ts": "4d0bde9b374dfbcbe8ac23f54f567b77024fb67dbb1906a852d67fe050d42f56",
    "https://deno.land/std@0.208.0/cli/parse_args.ts": "9bea02050b3f302e706871ff87ecfa3ad82cc34249adbe0dcddfaac75bdb48ff",
    "https://deno.land/std@0.209.0/assert/_constants.ts": "8a9da298c26750b28b326b297316cdde860bc237533b07e1337c021379e6b2a9",
    "https://deno.land/std@0.209.0/assert/_diff.ts": "2c9371f17cf08cbb843c924bc31ca77af422ec4fe162f73d42c651d547573fa8",
    "https://deno.land/std@0.209.0/assert/_format.ts": "335ce8e15c65b679ad142dbc9e5e97e5d58602c39dd3c9175cef6c85fe22d6d5",
    "https://deno.land/std@0.209.0/assert/assert.ts": "e265ad50a9341f3b40e51dd4cb41ab253d976943ba78a977106950e52e0302ab",
    "https://deno.land/std@0.209.0/assert/assert_almost_equals.ts": "a70d637856e1c6128dc733346d32aa73c67058489495116ca85091c39a60c767",
    "https://deno.land/std@0.209.0/assert/assert_array_includes.ts": "59d005d8897c1fbcbd5792170833f13a867f6a5ecd5a6b34a3d86b4b430de63c",
    "https://deno.land/std@0.209.0/assert/assert_equals.ts": "991b0c2b437a015d623654f758e48bfd931068211a52e8131b397cdf005c595f",
    "https://deno.land/std@0.209.0/assert/assert_exists.ts": "f24ecb0d3febad358a6cee235f012551077e07692517ebfe0630a561ba40a703",
    "https://deno.land/std@0.209.0/assert/assert_false.ts": "99cf237fe374cabf57072d2fb41b3eaff389029f850fbb96f643c875792f10ce",
    "https://deno.land/std@0.209.0/assert/assert_greater.ts": "e0bba9ac76a780573a864ab6eeb8b9fd71435b750bdd36d56a270e22ab9a79d9",
    "https://deno.land/std@0.209.0/assert/assert_greater_or_equal.ts": "aea1c7dc868926ba55f1e59f8c3560bb44706b5e3b6b009453ee4064eecf6746",
    "https://deno.land/std@0.209.0/assert/assert_instance_of.ts": "7c093d36b1a86666d5a60a8c290c91a51a627153b821a5a4dc40b24cab69f1e7",
    "https://deno.land/std@0.209.0/assert/assert_is_error.ts": "a8a758581661edec514c453910bee2f9c91b1346a515c58404963b130d81cd80",
    "https://deno.land/std@0.209.0/assert/assert_less.ts": "855aa58e49afa6a9e825f1abcd5947dc789c5878fc1b6f48b8a08115d48da32b",
    "https://deno.land/std@0.209.0/assert/assert_less_or_equal.ts": "2ae5246bd0e83da26e5c8e2815d1493252f71f7dc02afb83dc2fc0e0fb0bd894",
    "https://deno.land/std@0.209.0/assert/assert_match.ts": "e541a9769cf5726312ff9e15031e2faa2df3c59fbdc5573c8758b1f4668ccc62",
    "https://deno.land/std@0.209.0/assert/assert_not_equals.ts": "6bce4b28f3316029c0aef107f8390796798835c382d31c1004160baef0b80db0",
    "https://deno.land/std@0.209.0/assert/assert_not_instance_of.ts": "866243fd28bc6665e2ffcc027a9df1d2a69cb644aef1e9b8d1ce34377c6b8a84",
    "https://deno.land/std@0.209.0/assert/assert_not_match.ts": "59707eceb0d2b16d6892fbf92ec86f92fd76fcfc55f8b61508299db7d2972cab",
    "https://deno.land/std@0.209.0/assert/assert_not_strict_equals.ts": "c84b8e229450e8dfc44b9910d602788313ff7333d67d5bd8528371567b6a3632",
    "https://deno.land/std@0.209.0/assert/assert_object_match.ts": "ebeff248d48e5810f787e8742ae4f6b39904f4640edc2f69796596ceb6dbcdf8",
    "https://deno.land/std@0.209.0/assert/assert_rejects.ts": "f7e83272d816e1b39710012a0597ed950db2de6b193adcc5e50ddbcd9e177767",
    "https://deno.land/std@0.209.0/assert/assert_strict_equals.ts": "4007dabef1c2e9d6f1bb0e948ba7ba99ec9b1bee97ba34d67f7c10e7e5d794f7",
    "https://deno.land/std@0.209.0/assert/assert_string_includes.ts": "108a30d9348e5ff7a8b0b7cc836cf0a8cff27d5b33e861b8c56b52cc60b8219a",
    "https://deno.land/std@0.209.0/assert/assert_throws.ts": "a8767e6a06e94bac42ca9eebdad5d4e2decbc0c48bc892da7e06aa1fe0b388ba",
    "https://deno.land/std@0.209.0/assert/assertion_error.ts": "26ed1863d905005f00785c89750c001c3522c5417e4f58f95044b8143cfc1593",
    "https://deno.land/std@0.209.0/assert/equal.ts": "6f81c8a3b12c08bdc3510c8a1293b4db1c083692219d7e3828d2234b448d3d3d",
    "https://deno.land/std@0.209.0/assert/fail.ts": "f56fc64f9a141f98c1be5ff1005ddf158db888b7b206510e955bb3fedc69021c",
    "https://deno.land/std@0.209.0/assert/mod.ts": "37c49a26aae2b254bbe25723434dc28cd7532e444cf0b481a97c045d110ec085",
    "https://deno.land/std@0.209.0/assert/unimplemented.ts": "4e3e504792c87c485dbc5f4020489d8806ef697741403af2008dfa7b5a4711e8",
    "https://deno.land/std@0.209.0/assert/unreachable.ts": "1af8c99421cc5fb7332454b2b9eca074a4e394895a180bc837750dedcca75338",
    "https://deno.land/std@0.209.0/fmt/colors.ts": "34b3f77432925eb72cf0bfb351616949746768620b8e5ead66da532f93d10ba2"
  }
}
